PODS:
  - CompontentTests (0.1.0)
  - FBSnapshotTestCase (2.1.4):
    - FBSnapshotTestCase/SwiftSupport (= 2.1.4)
  - FBSnapshotTestCase/Core (2.1.4)
  - FBSnapshotTestCase/SwiftSupport (2.1.4):
    - FBSnapshotTestCase/Core

DEPENDENCIES:
  - CompontentTests (from `../`)
  - FBSnapshotTestCase

SPEC REPOS:
  trunk:
    - FBSnapshotTestCase

EXTERNAL SOURCES:
  CompontentTests:
    :path: "../"

SPEC CHECKSUMS:
  CompontentTests: 0751d570dd811bcd1694c15f4bea179a1b1280f9
  FBSnapshotTestCase: 094f9f314decbabe373b87cc339bea235a63e07a

PODFILE CHECKSUM: 1f5228821b1f5e3a1479d6f9921f3449bdcbd93c

COCOAPODS: 1.8.4
